
Microsoft Visual Studio Solution File, Format Version 12.00
# Visual Studio 14
VisualStudioVersion = 14.0.25123.0
MinimumVisualStudioVersion = 10.0.40219.1
Project("{FAE04EC0-301F-11D3-BF4B-00C04F79EFBC}") = "eZwd", "eZwd\eZwd.csproj", "{69B824C6-5A75-42B2-9909-410A602F2235}"
EndProject
Project("{FAE04EC0-301F-11D3-BF4B-00C04F79EFBC}") = "eZvso", "eZvso\eZvso.csproj", "{CED98A4B-2563-4BE0-B31F-CB189F8672DC}"
EndProject
Project("{FAE04EC0-301F-11D3-BF4B-00C04F79EFBC}") = "eZx", "eZx\eZx.csproj", "{75E1273F-B721-49AB-991A-BE171271F1A9}"
EndProject
Project("{FAE04EC0-301F-11D3-BF4B-00C04F79EFBC}") = "eZx_AddinManager", "eZx_AddinManager\eZx_AddinManager.csproj", "{83BD8213-3263-4E73-9A9F-D7891BC73E62}"
EndProject
Global
	GlobalSection(SolutionConfigurationPlatforms) = preSolution
		Debug|Any CPU = Debug|Any CPU
		Debug|x64 = Debug|x64
		Release|Any CPU = Release|Any CPU
		Release|x64 = Release|x64
	EndGlobalSection
	GlobalSection(ProjectConfigurationPlatforms) = postSolution
		{69B824C6-5A75-42B2-9909-410A602F2235}.Debug|Any CPU.ActiveCfg = Debug|Any CPU
		{69B824C6-5A75-42B2-9909-410A602F2235}.Debug|Any CPU.Build.0 = Debug|Any CPU
		{69B824C6-5A75-42B2-9909-410A602F2235}.Debug|x64.ActiveCfg = Debug|Any CPU
		{69B824C6-5A75-42B2-9909-410A602F2235}.Debug|x64.Build.0 = Debug|Any CPU
		{69B824C6-5A75-42B2-9909-410A602F2235}.Release|Any CPU.ActiveCfg = Release|Any CPU
		{69B824C6-5A75-42B2-9909-410A602F2235}.Release|Any CPU.Build.0 = Release|Any CPU
		{69B824C6-5A75-42B2-9909-410A602F2235}.Release|x64.ActiveCfg = Release|Any CPU
		{69B824C6-5A75-42B2-9909-410A602F2235}.Release|x64.Build.0 = Release|Any CPU
		{CED98A4B-2563-4BE0-B31F-CB189F8672DC}.Debug|Any CPU.ActiveCfg = Debug|Any CPU
		{CED98A4B-2563-4BE0-B31F-CB189F8672DC}.Debug|Any CPU.Build.0 = Debug|Any CPU
		{CED98A4B-2563-4BE0-B31F-CB189F8672DC}.Debug|x64.ActiveCfg = Debug|Any CPU
		{CED98A4B-2563-4BE0-B31F-CB189F8672DC}.Debug|x64.Build.0 = Debug|Any CPU
		{CED98A4B-2563-4BE0-B31F-CB189F8672DC}.Release|Any CPU.ActiveCfg = Release|Any CPU
		{CED98A4B-2563-4BE0-B31F-CB189F8672DC}.Release|Any CPU.Build.0 = Release|Any CPU
		{CED98A4B-2563-4BE0-B31F-CB189F8672DC}.Release|x64.ActiveCfg = Release|Any CPU
		{CED98A4B-2563-4BE0-B31F-CB189F8672DC}.Release|x64.Build.0 = Release|Any CPU
		{75E1273F-B721-49AB-991A-BE171271F1A9}.Debug|Any CPU.ActiveCfg = Debug|Any CPU
		{75E1273F-B721-49AB-991A-BE171271F1A9}.Debug|Any CPU.Build.0 = Debug|Any CPU
		{75E1273F-B721-49AB-991A-BE171271F1A9}.Debug|x64.ActiveCfg = Debug|Any CPU
		{75E1273F-B721-49AB-991A-BE171271F1A9}.Debug|x64.Build.0 = Debug|Any CPU
		{75E1273F-B721-49AB-991A-BE171271F1A9}.Release|Any CPU.ActiveCfg = Release|Any CPU
		{75E1273F-B721-49AB-991A-BE171271F1A9}.Release|Any CPU.Build.0 = Release|Any CPU
		{75E1273F-B721-49AB-991A-BE171271F1A9}.Release|x64.ActiveCfg = Release|Any CPU
		{75E1273F-B721-49AB-991A-BE171271F1A9}.Release|x64.Build.0 = Release|Any CPU
		{83BD8213-3263-4E73-9A9F-D7891BC73E62}.Debug|Any CPU.ActiveCfg = Debug|Any CPU
		{83BD8213-3263-4E73-9A9F-D7891BC73E62}.Debug|Any CPU.Build.0 = Debug|Any CPU
		{83BD8213-3263-4E73-9A9F-D7891BC73E62}.Debug|x64.ActiveCfg = Debug|Any CPU
		{83BD8213-3263-4E73-9A9F-D7891BC73E62}.Debug|x64.Build.0 = Debug|Any CPU
		{83BD8213-3263-4E73-9A9F-D7891BC73E62}.Release|Any CPU.ActiveCfg = Release|Any CPU
		{83BD8213-3263-4E73-9A9F-D7891BC73E62}.Release|Any CPU.Build.0 = Release|Any CPU
		{83BD8213-3263-4E73-9A9F-D7891BC73E62}.Release|x64.ActiveCfg = Release|Any CPU
		{83BD8213-3263-4E73-9A9F-D7891BC73E62}.Release|x64.Build.0 = Release|Any CPU
	EndGlobalSection
	GlobalSection(SolutionProperties) = preSolution
		HideSolutionNode = FALSE
	EndGlobalSection
EndGlobal
